
Microsoft Visual Studio Solution File, Format Version 12.00
# Visual Studio Version 17
VisualStudioVersion = 17.8.34330.188
MinimumVisualStudioVersion = 10.0.40219.1
Project("{FAE04EC0-301F-11D3-BF4B-00C04F79EFBC}") = "MAUIAppDolgozat20240130", "MAUIAppDolgozat20240130\MAUIAppDolgozat20240130.csproj", "{F68A6132-D0AA-4B49-A14D-F186C0DC808E}"
EndProject
Global
	GlobalSection(SolutionConfigurationPlatforms) = preSolution
		Debug|Any CPU = Debug|Any CPU
		Release|Any CPU = Release|Any CPU
	EndGlobalSection
	GlobalSection(ProjectConfigurationPlatforms) = postSolution
		{F68A6132-D0AA-4B49-A14D-F186C0DC808E}.Debug|Any CPU.ActiveCfg = Debug|Any CPU
		{F68A6132-D0AA-4B49-A14D-F186C0DC808E}.Debug|Any CPU.Build.0 = Debug|Any CPU
		{F68A6132-D0AA-4B49-A14D-F186C0DC808E}.Debug|Any CPU.Deploy.0 = Debug|Any CPU
		{F68A6132-D0AA-4B49-A14D-F186C0DC808E}.Release|Any CPU.ActiveCfg = Release|Any CPU
		{F68A6132-D0AA-4B49-A14D-F186C0DC808E}.Release|Any CPU.Build.0 = Release|Any CPU
		{F68A6132-D0AA-4B49-A14D-F186C0DC808E}.Release|Any CPU.Deploy.0 = Release|Any CPU
	EndGlobalSection
	GlobalSection(SolutionProperties) = preSolution
		HideSolutionNode = FALSE
	EndGlobalSection
	GlobalSection(ExtensibilityGlobals) = postSolution
		SolutionGuid = {B2E4E878-F7B4-4192-A4A5-7C09F99D70B4}
	EndGlobalSection
EndGlobal
